# THIS IS AN AUTOGENERATED FILE. DO NOT EDIT THIS FILE DIRECTLY.
# yarn lockfile v1


"@types/hammerjs@2.0.35":
  version "2.0.35"
  resolved "http://yarn.corp.logiocean.com:4873/@types%2fhammerjs/-/hammerjs-2.0.35.tgz#7b7c950c7d54593e23bffc8d2b4feba9866a7277"
  integrity sha1-e3yVDH1UWT4jv/yNK0/rqYZqcnc=

"@types/jasmine@^2.8.2":
  version "2.8.9"
  resolved "http://yarn.corp.logiocean.com:4873/@types%2fjasmine/-/jasmine-2.8.9.tgz#e028c891e8551fdf6de905d959581fc4fa0b5509"
  integrity sha1-4CjIkehVH99t6QXZWVgfxPoLVQk=

typescript@2.7.2:
  version "2.7.2"
  resolved "http://yarn.corp.logiocean.com:4873/typescript/-/typescript-2.7.2.tgz#2d615a1ef4aee4f574425cdff7026edf81919836"
  integrity sha1-LWFaHvSu5PV0Qlzf9wJu34GRmDY=

zone.js@0.8.26:
  version "0.8.26"
  resolved "http://yarn.corp.logiocean.com:4873/zone.js/-/zone.js-0.8.26.tgz#7bdd72f7668c5a7ad6b118148b4ea39c59d08d2d"
  integrity sha1-e91y92aMWnrWsRgUi06jnFnQjS0=
