# THIS IS AN AUTOGENERATED FILE. DO NOT EDIT THIS FILE DIRECTLY.
# yarn lockfile v1


"@types/three@^0.91.10":
  version "0.91.14"
  resolved "http://yarn.corp.logiocean.com:4873/@types%2fthree/-/three-0.91.14.tgz#9c3c006c880997933d217ccfe1419c605912fb45"
  integrity sha1-nDwAbIgJl5M9IXzP4UGcYFkS+0U=
  dependencies:
    "@types/webvr-api" "*"

"@types/webvr-api@*":
  version "0.0.35"
  resolved "http://yarn.corp.logiocean.com:4873/@types%2fwebvr-api/-/webvr-api-0.0.35.tgz#13b3cf1cd90544524d932ed36e6b109a2ec73d22"
  integrity sha1-E7PPHNkFRFJNky7TbmsQmi7HPSI=

three@^0.92.0:
  version "0.92.0"
  resolved "http://yarn.corp.logiocean.com:4873/three/-/three-0.92.0.tgz#8d3d1f5af890e62da7f4cb45d20c09fa51057dcd"
  integrity sha1-jT0fWviQ5i2n9MtF0gwJ+lEFfc0=

typescript@^2.8.3:
  version "2.9.2"
  resolved "http://yarn.corp.logiocean.com:4873/typescript/-/typescript-2.9.2.tgz#1cbf61d05d6b96269244eb6a3bce4bd914e0f00c"
  integrity sha1-HL9h0F1rliaSROtqO85L2RTg8Aw=
